
Microsoft Visual Studio Solution File, Format Version 12.00
# Visual Studio Version 16
VisualStudioVersion = 16.0.30413.136
MinimumVisualStudioVersion = 10.0.40219.1
Project("{FAE04EC0-301F-11D3-BF4B-00C04F79EFBC}") = "CustomPicker.UWP", "CustomPicker\CustomPicker.UWP\CustomPicker.UWP.csproj", "{E5D720A7-C33A-4F0D-9BB0-041D3348628B}"
EndProject
Project("{FAE04EC0-301F-11D3-BF4B-00C04F79EFBC}") = "CustomPicker.Android", "CustomPicker\CustomPicker.Android\CustomPicker.Android.csproj", "{B6C377F8-1498-4865-870A-29779000F04E}"
EndProject
Project("{FAE04EC0-301F-11D3-BF4B-00C04F79EFBC}") = "CustomPicker.iOS", "CustomPicker\CustomPicker.iOS\CustomPicker.iOS.csproj", "{5A6A3C9F-E844-4D66-967C-685AA57F216E}"
EndProject
Project("{FAE04EC0-301F-11D3-BF4B-00C04F79EFBC}") = "CustomPicker", "CustomPicker\CustomPicker\CustomPicker.csproj", "{A268ACF3-EC72-436C-9752-51C87136E760}"
EndProject
Global
	GlobalSection(SolutionConfigurationPlatforms) = preSolution
		Debug|Any CPU = Debug|Any CPU
		Debug|ARM = Debug|ARM
		Debug|iPhone = Debug|iPhone
		Debug|iPhoneSimulator = Debug|iPhoneSimulator
		Debug|x64 = Debug|x64
		Debug|x86 = Debug|x86
		Release|Any CPU = Release|Any CPU
		Release|ARM = Release|ARM
		Release|iPhone = Release|iPhone
		Release|iPhoneSimulator = Release|iPhoneSimulator
		Release|x64 = Release|x64
		Release|x86 = Release|x86
	EndGlobalSection
	GlobalSection(ProjectConfigurationPlatforms) = postSolution
		{E5D720A7-C33A-4F0D-9BB0-041D3348628B}.Debug|Any CPU.ActiveCfg = Debug|x86
		{E5D720A7-C33A-4F0D-9BB0-041D3348628B}.Debug|Any CPU.Build.0 = Debug|x86
		{E5D720A7-C33A-4F0D-9BB0-041D3348628B}.Debug|Any CPU.Deploy.0 = Debug|x86
		{E5D720A7-C33A-4F0D-9BB0-041D3348628B}.Debug|ARM.ActiveCfg = Debug|ARM
		{E5D720A7-C33A-4F0D-9BB0-041D3348628B}.Debug|ARM.Build.0 = Debug|ARM
		{E5D720A7-C33A-4F0D-9BB0-041D3348628B}.Debug|ARM.Deploy.0 = Debug|ARM
		{E5D720A7-C33A-4F0D-9BB0-041D3348628B}.Debug|iPhone.ActiveCfg = Debug|x86
		{E5D720A7-C33A-4F0D-9BB0-041D3348628B}.Debug|iPhone.Build.0 = Debug|x86
		{E5D720A7-C33A-4F0D-9BB0-041D3348628B}.Debug|iPhone.Deploy.0 = Debug|x86
		{E5D720A7-C33A-4F0D-9BB0-041D3348628B}.Debug|iPhoneSimulator.ActiveCfg = Debug|x86
		{E5D720A7-C33A-4F0D-9BB0-041D3348628B}.Debug|iPhoneSimulator.Build.0 = Debug|x86
		{E5D720A7-C33A-4F0D-9BB0-041D3348628B}.Debug|iPhoneSimulator.Deploy.0 = Debug|x86
		{E5D720A7-C33A-4F0D-9BB0-041D3348628B}.Debug|x64.ActiveCfg = Debug|x64
		{E5D720A7-C33A-4F0D-9BB0-041D3348628B}.Debug|x64.Build.0 = Debug|x64
		{E5D720A7-C33A-4F0D-9BB0-041D3348628B}.Debug|x64.Deploy.0 = Debug|x64
		{E5D720A7-C33A-4F0D-9BB0-041D3348628B}.Debug|x86.ActiveCfg = Debug|x86
		{E5D720A7-C33A-4F0D-9BB0-041D3348628B}.Debug|x86.Build.0 = Debug|x86
		{E5D720A7-C33A-4F0D-9BB0-041D3348628B}.Debug|x86.Deploy.0 = Debug|x86
		{E5D720A7-C33A-4F0D-9BB0-041D3348628B}.Release|Any CPU.ActiveCfg = Release|x86
		{E5D720A7-C33A-4F0D-9BB0-041D3348628B}.Release|Any CPU.Build.0 = Release|x86
		{E5D720A7-C33A-4F0D-9BB0-041D3348628B}.Release|Any CPU.Deploy.0 = Release|x86
		{E5D720A7-C33A-4F0D-9BB0-041D3348628B}.Release|ARM.ActiveCfg = Release|ARM
		{E5D720A7-C33A-4F0D-9BB0-041D3348628B}.Release|ARM.Build.0 = Release|ARM
		{E5D720A7-C33A-4F0D-9BB0-041D3348628B}.Release|ARM.Deploy.0 = Release|ARM
		{E5D720A7-C33A-4F0D-9BB0-041D3348628B}.Release|iPhone.ActiveCfg = Release|x86
		{E5D720A7-C33A-4F0D-9BB0-041D3348628B}.Release|iPhone.Build.0 = Release|x86
		{E5D720A7-C33A-4F0D-9BB0-041D3348628B}.Release|iPhone.Deploy.0 = Release|x86
		{E5D720A7-C33A-4F0D-9BB0-041D3348628B}.Release|iPhoneSimulator.ActiveCfg = Release|x86
		{E5D720A7-C33A-4F0D-9BB0-041D3348628B}.Release|iPhoneSimulator.Build.0 = Release|x86
		{E5D720A7-C33A-4F0D-9BB0-041D3348628B}.Release|iPhoneSimulator.Deploy.0 = Release|x86
		{E5D720A7-C33A-4F0D-9BB0-041D3348628B}.Release|x64.ActiveCfg = Release|x64
		{E5D720A7-C33A-4F0D-9BB0-041D3348628B}.Release|x64.Build.0 = Release|x64
		{E5D720A7-C33A-4F0D-9BB0-041D3348628B}.Release|x64.Deploy.0 = Release|x64
		{E5D720A7-C33A-4F0D-9BB0-041D3348628B}.Release|x86.ActiveCfg = Release|x86
		{E5D720A7-C33A-4F0D-9BB0-041D3348628B}.Release|x86.Build.0 = Release|x86
		{E5D720A7-C33A-4F0D-9BB0-041D3348628B}.Release|x86.Deploy.0 = Release|x86
		{B6C377F8-1498-4865-870A-29779000F04E}.Debug|Any CPU.ActiveCfg = Debug|Any CPU
		{B6C377F8-1498-4865-870A-29779000F04E}.Debug|Any CPU.Build.0 = Debug|Any CPU
		{B6C377F8-1498-4865-870A-29779000F04E}.Debug|Any CPU.Deploy.0 = Debug|Any CPU
		{B6C377F8-1498-4865-870A-29779000F04E}.Debug|ARM.ActiveCfg = Debug|Any CPU
		{B6C377F8-1498-4865-870A-29779000F04E}.Debug|ARM.Build.0 = Debug|Any CPU
		{B6C377F8-1498-4865-870A-29779000F04E}.Debug|ARM.Deploy.0 = Debug|Any CPU
		{B6C377F8-1498-4865-870A-29779000F04E}.Debug|iPhone.ActiveCfg = Debug|Any CPU
		{B6C377F8-1498-4865-870A-29779000F04E}.Debug|iPhone.Build.0 = Debug|Any CPU
		{B6C377F8-1498-4865-870A-29779000F04E}.Debug|iPhone.Deploy.0 = Debug|Any CPU
		{B6C377F8-1498-4865-870A-29779000F04E}.Debug|iPhoneSimulator.ActiveCfg = Debug|Any CPU
		{B6C377F8-1498-4865-870A-29779000F04E}.Debug|iPhoneSimulator.Build.0 = Debug|Any CPU
		{B6C377F8-1498-4865-870A-29779000F04E}.Debug|iPhoneSimulator.Deploy.0 = Debug|Any CPU
		{B6C377F8-1498-4865-870A-29779000F04E}.Debug|x64.ActiveCfg = Debug|Any CPU
		{B6C377F8-1498-4865-870A-29779000F04E}.Debug|x64.Build.0 = Debug|Any CPU
		{B6C377F8-1498-4865-870A-29779000F04E}.Debug|x64.Deploy.0 = Debug|Any CPU
		{B6C377F8-1498-4865-870A-29779000F04E}.Debug|x86.ActiveCfg = Debug|Any CPU
		{B6C377F8-1498-4865-870A-29779000F04E}.Debug|x86.Build.0 = Debug|Any CPU
		{B6C377F8-1498-4865-870A-29779000F04E}.Debug|x86.Deploy.0 = Debug|Any CPU
		{B6C377F8-1498-4865-870A-29779000F04E}.Release|Any CPU.ActiveCfg = Release|Any CPU
		{B6C377F8-1498-4865-870A-29779000F04E}.Release|Any CPU.Build.0 = Release|Any CPU
		{B6C377F8-1498-4865-870A-29779000F04E}.Release|Any CPU.Deploy.0 = Release|Any CPU
		{B6C377F8-1498-4865-870A-29779000F04E}.Release|ARM.ActiveCfg = Release|Any CPU
		{B6C377F8-1498-4865-870A-29779000F04E}.Release|ARM.Build.0 = Release|Any CPU
		{B6C377F8-1498-4865-870A-29779000F04E}.Release|ARM.Deploy.0 = Release|Any CPU
		{B6C377F8-1498-4865-870A-29779000F04E}.Release|iPhone.ActiveCfg = Release|Any CPU
		{B6C377F8-1498-4865-870A-29779000F04E}.Release|iPhone.Build.0 = Release|Any CPU
		{B6C377F8-1498-4865-870A-29779000F04E}.Release|iPhone.Deploy.0 = Release|Any CPU
		{B6C377F8-1498-4865-870A-29779000F04E}.Release|iPhoneSimulator.ActiveCfg = Release|Any CPU
		{B6C377F8-1498-4865-870A-29779000F04E}.Release|iPhoneSimulator.Build.0 = Release|Any CPU
		{B6C377F8-1498-4865-870A-29779000F04E}.Release|iPhoneSimulator.Deploy.0 = Release|Any CPU
		{B6C377F8-1498-4865-870A-29779000F04E}.Release|x64.ActiveCfg = Release|Any CPU
		{B6C377F8-1498-4865-870A-29779000F04E}.Release|x64.Build.0 = Release|Any CPU
		{B6C377F8-1498-4865-870A-29779000F04E}.Release|x64.Deploy.0 = Release|Any CPU
		{B6C377F8-1498-4865-870A-29779000F04E}.Release|x86.ActiveCfg = Release|Any CPU
		{B6C377F8-1498-4865-870A-29779000F04E}.Release|x86.Build.0 = Release|Any CPU
		{B6C377F8-1498-4865-870A-29779000F04E}.Release|x86.Deploy.0 = Release|Any CPU
		{5A6A3C9F-E844-4D66-967C-685AA57F216E}.Debug|Any CPU.ActiveCfg = Debug|iPhone
		{5A6A3C9F-E844-4D66-967C-685AA57F216E}.Debug|Any CPU.Build.0 = Debug|iPhone
		{5A6A3C9F-E844-4D66-967C-685AA57F216E}.Debug|Any CPU.Deploy.0 = Debug|iPhone
		{5A6A3C9F-E844-4D66-967C-685AA57F216E}.Debug|ARM.ActiveCfg = Debug|iPhone
		{5A6A3C9F-E844-4D66-967C-685AA57F216E}.Debug|ARM.Build.0 = Debug|iPhone
		{5A6A3C9F-E844-4D66-967C-685AA57F216E}.Debug|ARM.Deploy.0 = Debug|iPhone
		{5A6A3C9F-E844-4D66-967C-685AA57F216E}.Debug|iPhone.ActiveCfg = Debug|iPhone
		{5A6A3C9F-E844-4D66-967C-685AA57F216E}.Debug|iPhone.Build.0 = Debug|iPhone
		{5A6A3C9F-E844-4D66-967C-685AA57F216E}.Debug|iPhone.Deploy.0 = Debug|iPhone
		{5A6A3C9F-E844-4D66-967C-685AA57F216E}.Debug|iPhoneSimulator.ActiveCfg = Debug|iPhoneSimulator
		{5A6A3C9F-E844-4D66-967C-685AA57F216E}.Debug|iPhoneSimulator.Build.0 = Debug|iPhoneSimulator
		{5A6A3C9F-E844-4D66-967C-685AA57F216E}.Debug|iPhoneSimulator.Deploy.0 = Debug|iPhoneSimulator
		{5A6A3C9F-E844-4D66-967C-685AA57F216E}.Debug|x64.ActiveCfg = Debug|iPhone
		{5A6A3C9F-E844-4D66-967C-685AA57F216E}.Debug|x64.Build.0 = Debug|iPhone
		{5A6A3C9F-E844-4D66-967C-685AA57F216E}.Debug|x64.Deploy.0 = Debug|iPhone
		{5A6A3C9F-E844-4D66-967C-685AA57F216E}.Debug|x86.ActiveCfg = Debug|iPhone
		{5A6A3C9F-E844-4D66-967C-685AA57F216E}.Debug|x86.Build.0 = Debug|iPhone
		{5A6A3C9F-E844-4D66-967C-685AA57F216E}.Debug|x86.Deploy.0 = Debug|iPhone
		{5A6A3C9F-E844-4D66-967C-685AA57F216E}.Release|Any CPU.ActiveCfg = Release|iPhone
		{5A6A3C9F-E844-4D66-967C-685AA57F216E}.Release|Any CPU.Build.0 = Release|iPhone
		{5A6A3C9F-E844-4D66-967C-685AA57F216E}.Release|Any CPU.Deploy.0 = Release|iPhone
		{5A6A3C9F-E844-4D66-967C-685AA57F216E}.Release|ARM.ActiveCfg = Release|iPhone
		{5A6A3C9F-E844-4D66-967C-685AA57F216E}.Release|ARM.Build.0 = Release|iPhone
		{5A6A3C9F-E844-4D66-967C-685AA57F216E}.Release|ARM.Deploy.0 = Release|iPhone
		{5A6A3C9F-E844-4D66-967C-685AA57F216E}.Release|iPhone.ActiveCfg = Release|iPhone
		{5A6A3C9F-E844-4D66-967C-685AA57F216E}.Release|iPhone.Build.0 = Release|iPhone
		{5A6A3C9F-E844-4D66-967C-685AA57F216E}.Release|iPhone.Deploy.0 = Release|iPhone
		{5A6A3C9F-E844-4D66-967C-685AA57F216E}.Release|iPhoneSimulator.ActiveCfg = Release|iPhoneSimulator
		{5A6A3C9F-E844-4D66-967C-685AA57F216E}.Release|iPhoneSimulator.Build.0 = Release|iPhoneSimulator
		{5A6A3C9F-E844-4D66-967C-685AA57F216E}.Release|iPhoneSimulator.Deploy.0 = Release|iPhoneSimulator
		{5A6A3C9F-E844-4D66-967C-685AA57F216E}.Release|x64.ActiveCfg = Release|iPhone
		{5A6A3C9F-E844-4D66-967C-685AA57F216E}.Release|x64.Build.0 = Release|iPhone
		{5A6A3C9F-E844-4D66-967C-685AA57F216E}.Release|x64.Deploy.0 = Release|iPhone
		{5A6A3C9F-E844-4D66-967C-685AA57F216E}.Release|x86.ActiveCfg = Release|iPhone
		{5A6A3C9F-E844-4D66-967C-685AA57F216E}.Release|x86.Build.0 = Release|iPhone
		{5A6A3C9F-E844-4D66-967C-685AA57F216E}.Release|x86.Deploy.0 = Release|iPhone
		{A268ACF3-EC72-436C-9752-51C87136E760}.Debug|Any CPU.ActiveCfg = Debug|Any CPU
		{A268ACF3-EC72-436C-9752-51C87136E760}.Debug|Any CPU.Build.0 = Debug|Any CPU
		{A268ACF3-EC72-436C-9752-51C87136E760}.Debug|Any CPU.Deploy.0 = Debug|Any CPU
		{A268ACF3-EC72-436C-9752-51C87136E760}.Debug|ARM.ActiveCfg = Debug|Any CPU
		{A268ACF3-EC72-436C-9752-51C87136E760}.Debug|ARM.Build.0 = Debug|Any CPU
		{A268ACF3-EC72-436C-9752-51C87136E760}.Debug|ARM.Deploy.0 = Debug|Any CPU
		{A268ACF3-EC72-436C-9752-51C87136E760}.Debug|iPhone.ActiveCfg = Debug|Any CPU
		{A268ACF3-EC72-436C-9752-51C87136E760}.Debug|iPhone.Build.0 = Debug|Any CPU
		{A268ACF3-EC72-436C-9752-51C87136E760}.Debug|iPhone.Deploy.0 = Debug|Any CPU
		{A268ACF3-EC72-436C-9752-51C87136E760}.Debug|iPhoneSimulator.ActiveCfg = Debug|Any CPU
		{A268ACF3-EC72-436C-9752-51C87136E760}.Debug|iPhoneSimulator.Build.0 = Debug|Any CPU
		{A268ACF3-EC72-436C-9752-51C87136E760}.Debug|iPhoneSimulator.Deploy.0 = Debug|Any CPU
		{A268ACF3-EC72-436C-9752-51C87136E760}.Debug|x64.ActiveCfg = Debug|Any CPU
		{A268ACF3-EC72-436C-9752-51C87136E760}.Debug|x64.Build.0 = Debug|Any CPU
		{A268ACF3-EC72-436C-9752-51C87136E760}.Debug|x64.Deploy.0 = Debug|Any CPU
		{A268ACF3-EC72-436C-9752-51C87136E760}.Debug|x86.ActiveCfg = Debug|Any CPU
		{A268ACF3-EC72-436C-9752-51C87136E760}.Debug|x86.Build.0 = Debug|Any CPU
		{A268ACF3-EC72-436C-9752-51C87136E760}.Debug|x86.Deploy.0 = Debug|Any CPU
		{A268ACF3-EC72-436C-9752-51C87136E760}.Release|Any CPU.ActiveCfg = Release|Any CPU
		{A268ACF3-EC72-436C-9752-51C87136E760}.Release|Any CPU.Build.0 = Release|Any CPU
		{A268ACF3-EC72-436C-9752-51C87136E760}.Release|Any CPU.Deploy.0 = Release|Any CPU
		{A268ACF3-EC72-436C-9752-51C87136E760}.Release|ARM.ActiveCfg = Release|Any CPU
		{A268ACF3-EC72-436C-9752-51C87136E760}.Release|ARM.Build.0 = Release|Any CPU
		{A268ACF3-EC72-436C-9752-51C87136E760}.Release|ARM.Deploy.0 = Release|Any CPU
		{A268ACF3-EC72-436C-9752-51C87136E760}.Release|iPhone.ActiveCfg = Release|Any CPU
		{A268ACF3-EC72-436C-9752-51C87136E760}.Release|iPhone.Build.0 = Release|Any CPU
		{A268ACF3-EC72-436C-9752-51C87136E760}.Release|iPhone.Deploy.0 = Release|Any CPU
		{A268ACF3-EC72-436C-9752-51C87136E760}.Release|iPhoneSimulator.ActiveCfg = Release|Any CPU
		{A268ACF3-EC72-436C-9752-51C87136E760}.Release|iPhoneSimulator.Build.0 = Release|Any CPU
		{A268ACF3-EC72-436C-9752-51C87136E760}.Release|iPhoneSimulator.Deploy.0 = Release|Any CPU
		{A268ACF3-EC72-436C-9752-51C87136E760}.Release|x64.ActiveCfg = Release|Any CPU
		{A268ACF3-EC72-436C-9752-51C87136E760}.Release|x64.Build.0 = Release|Any CPU
		{A268ACF3-EC72-436C-9752-51C87136E760}.Release|x64.Deploy.0 = Release|Any CPU
		{A268ACF3-EC72-436C-9752-51C87136E760}.Release|x86.ActiveCfg = Release|Any CPU
		{A268ACF3-EC72-436C-9752-51C87136E760}.Release|x86.Build.0 = Release|Any CPU
		{A268ACF3-EC72-436C-9752-51C87136E760}.Release|x86.Deploy.0 = Release|Any CPU
	EndGlobalSection
	GlobalSection(SolutionProperties) = preSolution
		HideSolutionNode = FALSE
	EndGlobalSection
	GlobalSection(ExtensibilityGlobals) = postSolution
		SolutionGuid = {97711C66-E7FA-4F50-B381-D5083335F2CD}
	EndGlobalSection
EndGlobal
